{
  "name": "@iicmaster/antigravity-plugins",
  "version": "0.1.3",
  "lockfileVersion": 3,
  "requires": true,
  "packages": {
    "": {
      "name": "@iicmaster/antigravity-plugins",
      "version": "0.1.3",
      "license": "MIT",
      "engines": {
        "node": ">=18.18.0"
      }
    }
  }
}
